{
    "_readme": [
        "This file locks the dependencies of your project to a known state",
        "Read more about it at https://getcomposer.org/doc/01-basic-usage.md#installing-dependencies",
        "This file is @generated automatically"
    ],
    "content-hash": "56f2508ecc97f28d7ab56604f115a466",
    "packages": [
        {
            "name": "composer/installers",
            "version": "v2.3.0",
            "source": {
                "type": "git",
                "url": "https://github.com/composer/installers.git",
                "reference": "12fb2dfe5e16183de69e784a7b84046c43d97e8e"
            },
            "dist": {
                "type": "zip",
                "url": "https://api.github.com/repos/composer/installers/zipball/12fb2dfe5e16183de69e784a7b84046c43d97e8e",
                "reference": "12fb2dfe5e16183de69e784a7b84046c43d97e8e",
                "shasum": ""
            },
            "require": {
                "composer-plugin-api": "^1.0 || ^2.0",
                "php": "^7.2 || ^8.0"
            },
            "require-dev": {
                "composer/composer": "^1.10.27 || ^2.7",
                "composer/semver": "^1.7.2 || ^3.4.0",
                "phpstan/phpstan": "^1.11",
                "phpstan/phpstan-phpunit": "^1",
                "symfony/phpunit-bridge": "^7.1.1",
                "symfony/process": "^5 || ^6 || ^7"
            },
            "type": "composer-plugin",
            "extra": {
                "class": "Composer\\Installers\\Plugin",
                "branch-alias": {
                    "dev-main": "2.x-dev"
                },
                "plugin-modifies-install-path": true
            },
            "autoload": {
                "psr-4": {
                    "Composer\\Installers\\": "src/Composer/Installers"
                }
            },
            "notification-url": "https://packagist.org/downloads/",
            "license": [
                "MIT"
            ],
            "authors": [
                {
                    "name": "Kyle Robinson Young",
                    "email": "kyle@dontkry.com",
                    "homepage": "https://github.com/shama"
                }
            ],
            "description": "A multi-framework Composer library installer",
            "homepage": "https://composer.github.io/installers/",
            "keywords": [
                "Dolibarr",
                "Eliasis",
                "Hurad",
                "ImageCMS",
                "Kanboard",
                "Lan Management System",
                "MODX Evo",
                "MantisBT",
                "Mautic",
                "Maya",
                "OXID",
                "Plentymarkets",
                "Porto",
                "RadPHP",
                "SMF",
                "Starbug",
                "Thelia",
                "Whmcs",
                "WolfCMS",
                "agl",
                "annotatecms",
                "attogram",
                "bitrix",
                "cakephp",
                "chef",
                "cockpit",
                "codeigniter",
                "concrete5",
                "concreteCMS",
                "croogo",
                "dokuwiki",
                "drupal",
                "eZ Platform",
                "elgg",
                "expressionengine",
                "fuelphp",
                "grav",
                "installer",
                "itop",
                "known",
                "kohana",
                "laravel",
                "lavalite",
                "lithium",
                "magento",
                "majima",
                "mako",
                "matomo",
                "mediawiki",
                "miaoxing",
                "modulework",
                "modx",
                "moodle",
                "osclass",
                "pantheon",
                "phpbb",
                "piwik",
                "ppi",
                "processwire",
                "puppet",
                "pxcms",
                "reindex",
                "roundcube",
                "shopware",
                "silverstripe",
                "sydes",
                "sylius",
                "tastyigniter",
                "wordpress",
                "yawik",
                "zend",
                "zikula"
            ],
            "support": {
                "issues": "https://github.com/composer/installers/issues",
                "source": "https://github.com/composer/installers/tree/v2.3.0"
            },
            "funding": [
                {
                    "url": "https://packagist.com",
                    "type": "custom"
                },
                {
                    "url": "https://github.com/composer",
                    "type": "github"
                },
                {
                    "url": "https://tidelift.com/funding/github/packagist/composer/composer",
                    "type": "tidelift"
                }
            ],
            "time": "2024-06-24T20:46:46+00:00"
        },
        {
            "name": "wp-plugin/duplicate-post",
            "version": "4.6",
            "source": {
                "type": "svn",
                "url": "https://plugins.svn.wordpress.org/duplicate-post/",
                "reference": "tags/4.6"
            },
            "dist": {
                "type": "zip",
                "url": "https://downloads.wordpress.org/plugin/duplicate-post.4.6.zip"
            },
            "require": {
                "composer/installers": "~1.0|~2.0"
            },
            "type": "wordpress-plugin",
            "notification-url": "https://wp-packages.org/downloads",
            "authors": [
                {
                    "name": "Yoast"
                }
            ],
            "description": "The go-to tool for cloning posts and pages, including the powerful Rewrite & Republish feature.",
            "homepage": "https://yoast.com/wordpress/plugins/duplicate-post/",
            "support": {
                "changelog": "https://wordpress.org/plugins/duplicate-post/#developers",
                "issues": "https://wordpress.org/support/plugin/duplicate-post",
                "source": "https://plugins.svn.wordpress.org/duplicate-post"
            },
            "time": "2026-06-15T14:30:54+00:00"
        },
        {
            "name": "wp-plugin/sqlite-database-integration",
            "version": "2.2.23",
            "source": {
                "type": "svn",
                "url": "https://plugins.svn.wordpress.org/sqlite-database-integration/",
                "reference": "tags/2.2.23"
            },
            "dist": {
                "type": "zip",
                "url": "https://downloads.wordpress.org/plugin/sqlite-database-integration.2.2.23.zip"
            },
            "require": {
                "composer/installers": "~1.0|~2.0"
            },
            "type": "wordpress-plugin",
            "notification-url": "https://wp-packages.org/downloads",
            "authors": [
                {
                    "name": "WordPress.org"
                }
            ],
            "description": "SQLite integration plugin by the WordPress Team.",
            "support": {
                "changelog": "https://wordpress.org/plugins/sqlite-database-integration/#developers",
                "issues": "https://wordpress.org/support/plugin/sqlite-database-integration",
                "source": "https://plugins.svn.wordpress.org/sqlite-database-integration"
            },
            "time": "2026-04-10T15:10:54+00:00"
        },
        {
            "name": "wp-plugin/wordfence",
            "version": "8.2.2",
            "source": {
                "type": "svn",
                "url": "https://plugins.svn.wordpress.org/wordfence/",
                "reference": "tags/8.2.2"
            },
            "dist": {
                "type": "zip",
                "url": "https://downloads.wordpress.org/plugin/wordfence.8.2.2.zip"
            },
            "require": {
                "composer/installers": "~1.0|~2.0"
            },
            "type": "wordpress-plugin",
            "notification-url": "https://wp-packages.org/downloads",
            "authors": [
                {
                    "name": "Mark Maunder"
                }
            ],
            "description": "Firewall, Malware Scanner, Two Factor Auth, and Comprehensive Security Features, powered by our 24-hour team. Make security a priority with Wordfence.",
            "homepage": "https://www.wordfence.com/",
            "support": {
                "changelog": "https://wordpress.org/plugins/wordfence/#developers",
                "issues": "https://wordpress.org/support/plugin/wordfence",
                "source": "https://plugins.svn.wordpress.org/wordfence"
            },
            "time": "2026-05-13T15:46:44+00:00"
        },
        {
            "name": "wp-plugin/wordpress-seo",
            "version": "27.8",
            "source": {
                "type": "svn",
                "url": "https://plugins.svn.wordpress.org/wordpress-seo/",
                "reference": "tags/27.8"
            },
            "dist": {
                "type": "zip",
                "url": "https://downloads.wordpress.org/plugin/wordpress-seo.27.8.zip"
            },
            "require": {
                "composer/installers": "~1.0|~2.0"
            },
            "type": "wordpress-plugin",
            "notification-url": "https://wp-packages.org/downloads",
            "authors": [
                {
                    "name": "Yoast"
                }
            ],
            "description": "Improve your SEO with real-time feedback, schema, and clear guidance. Upgrade for AI tools, Google Docs integration, and 24/7 support, no hidden fees.",
            "homepage": "https://yoa.st/1uj",
            "support": {
                "changelog": "https://wordpress.org/plugins/wordpress-seo/#developers",
                "issues": "https://wordpress.org/support/plugin/wordpress-seo",
                "source": "https://plugins.svn.wordpress.org/wordpress-seo"
            },
            "time": "2026-06-10T07:51:02+00:00"
        }
    ],
    "packages-dev": [],
    "aliases": [],
    "minimum-stability": "stable",
    "stability-flags": {},
    "prefer-stable": false,
    "prefer-lowest": false,
    "platform": {
        "php": ">=8.5"
    },
    "platform-dev": {},
    "platform-overrides": {
        "php": "8.5"
    },
    "plugin-api-version": "2.9.0"
}
